// !$*UTF8*$!
{
	archiveVersion = 1;
	classes = {
	};
	objectVersion = 48;
	objects = {

/* Begin PBXBuildFile section */
		5EA6FC7FBB40A40011A7FD0A /* Pods_OsmondRCUITests.framework in Frameworks */ = {isa = PBXBuildFile; fileRef = 9192B3E330BFAD9D580FA8B8 /* Pods_OsmondRCUITests.framework */; };
		B97E6E8632626907DE49400E /* Pods_OsmondRCTests.framework in Frameworks */ = {isa = PBXBuildFile; fileRef = 0553C600B276F1BE0E5D0B11 /* Pods_OsmondRCTests.framework */; };
		BE103B5F1F959D21002DFD50 /* classViewController.swift in Sources */ = {isa = PBXBuildFile; fileRef = BE103B5E1F959D21002DFD50 /* classViewController.swift */; };
		BE52B6AD1F92ECE5001A476D /* AppDelegate.swift in Sources */ = {isa = PBXBuildFile; fileRef = BE52B6AC1F92ECE5001A476D /* AppDelegate.swift */; };
		BE52B6AF1F92ECE5001A476D /* ViewController.swift in Sources */ = {isa = PBXBuildFile; fileRef = BE52B6AE1F92ECE5001A476D /* ViewController.swift */; };
		BE52B6B21F92ECE5001A476D /* Main.storyboard in Resources */ = {isa = PBXBuildFile; fileRef = BE52B6B01F92ECE5001A476D /* Main.storyboard */; };
		BE52B6B41F92ECE5001A476D /* Assets.xcassets in Resources */ = {isa = PBXBuildFile; fileRef = BE52B6B31F92ECE5001A476D /* Assets.xcassets */; };
		BE52B6B71F92ECE5001A476D /* LaunchScreen.storyboard in Resources */ = {isa = PBXBuildFile; fileRef = BE52B6B51F92ECE5001A476D /* LaunchScreen.storyboard */; };
		BE52B6C21F92ECE5001A476D /* OsmondRCTests.swift in Sources */ = {isa = PBXBuildFile; fileRef = BE52B6C11F92ECE5001A476D /* OsmondRCTests.swift */; };
		BE52B6CD1F92ECE5001A476D /* OsmondRCUITests.swift in Sources */ = {isa = PBXBuildFile; fileRef = BE52B6CC1F92ECE5001A476D /* OsmondRCUITests.swift */; };
		BE52B6DB1F92ED12001A476D /* Extensions.swift in Sources */ = {isa = PBXBuildFile; fileRef = BE52B6DA1F92ED12001A476D /* Extensions.swift */; };
		BEABCF661F95811000B01D93 /* Stirling.swift in Sources */ = {isa = PBXBuildFile; fileRef = BEABCF651F95811000B01D93 /* Stirling.swift */; };
		F8F5A09B20CE43B7B70A13BE /* Pods_OsmondRC.framework in Frameworks */ = {isa = PBXBuildFile; fileRef = 87DF1D58323494AADF4ED2D4 /* Pods_OsmondRC.framework */; };
/* End PBXBuildFile section */

/* Begin PBXContainerItemProxy section */
		BE52B6BE1F92ECE5001A476D /* PBXContainerItemProxy */ = {
			isa = PBXContainerItemProxy;
			containerPortal = BE52B6A11F92ECE5001A476D /* Project object */;
			proxyType = 1;
			remoteGlobalIDString = BE52B6A81F92ECE5001A476D;
			remoteInfo = OsmondRC;
		};
		BE52B6C91F92ECE5001A476D /* PBXContainerItemProxy */ = {
			isa = PBXContainerItemProxy;
			containerPortal = BE52B6A11F92ECE5001A476D /* Project object */;
			proxyType = 1;
			remoteGlobalIDString = BE52B6A81F92ECE5001A476D;
			remoteInfo = OsmondRC;
		};
/* End PBXContainerItemProxy section */

/* Begin PBXFileReference section */
		0553C600B276F1BE0E5D0B11 /* Pods_OsmondRCTests.framework */ = {isa = PBXFileReference; explicitFileType = wrapper.framework; includeInIndex = 0; path = Pods_OsmondRCTests.framework; sourceTree = BUILT_PRODUCTS_DIR; };
		2BFE85853656C14428694137 /* Pods-OsmondRCUITests.release.xcconfig */ = {isa = PBXFileReference; includeInIndex = 1; lastKnownFileType = text.xcconfig; name = "Pods-OsmondRCUITests.release.xcconfig"; path = "Pods/Target Support Files/Pods-OsmondRCUITests/Pods-OsmondRCUITests.release.xcconfig"; sourceTree = "<group>"; };
		2E15E2725E18934D646474CC /* Pods-OsmondRCTests.release.xcconfig */ = {isa = PBXFileReference; includeInIndex = 1; lastKnownFileType = text.xcconfig; name = "Pods-OsmondRCTests.release.xcconfig"; path = "Pods/Target Support Files/Pods-OsmondRCTests/Pods-OsmondRCTests.release.xcconfig"; sourceTree = "<group>"; };
		87DF1D58323494AADF4ED2D4 /* Pods_OsmondRC.framework */ = {isa = PBXFileReference; explicitFileType = wrapper.framework; includeInIndex = 0; path = Pods_OsmondRC.framework; sourceTree = BUILT_PRODUCTS_DIR; };
		916087DE06DEF231C032D8F7 /* Pods-OsmondRCUITests.debug.xcconfig */ = {isa = PBXFileReference; includeInIndex = 1; lastKnownFileType = text.xcconfig; name = "Pods-OsmondRCUITests.debug.xcconfig"; path = "Pods/Target Support Files/Pods-OsmondRCUITests/Pods-OsmondRCUITests.debug.xcconfig"; sourceTree = "<group>"; };
		9192B3E330BFAD9D580FA8B8 /* Pods_OsmondRCUITests.framework */ = {isa = PBXFileReference; explicitFileType = wrapper.framework; includeInIndex = 0; path = Pods_OsmondRCUITests.framework; sourceTree = BUILT_PRODUCTS_DIR; };
		93BF08BD862B5C4F4A038AC0 /* Pods-OsmondRC.debug.xcconfig */ = {isa = PBXFileReference; includeInIndex = 1; lastKnownFileType = text.xcconfig; name = "Pods-OsmondRC.debug.xcconfig"; path = "Pods/Target Support Files/Pods-OsmondRC/Pods-OsmondRC.debug.xcconfig"; sourceTree = "<group>"; };
		BE103B5E1F959D21002DFD50 /* classViewController.swift */ = {isa = PBXFileReference; lastKnownFileType = sourcecode.swift; path = classViewController.swift; sourceTree = "<group>"; };
		BE52B6A91F92ECE5001A476D /* OsmondRC.app */ = {isa = PBXFileReference; explicitFileType = wrapper.application; includeInIndex = 0; path = OsmondRC.app; sourceTree = BUILT_PRODUCTS_DIR; };
		BE52B6AC1F92ECE5001A476D /* AppDelegate.swift */ = {isa = PBXFileReference; lastKnownFileType = sourcecode.swift; path = AppDelegate.swift; sourceTree = "<group>"; };
		BE52B6AE1F92ECE5001A476D /* ViewController.swift */ = {isa = PBXFileReference; lastKnownFileType = sourcecode.swift; path = ViewController.swift; sourceTree = "<group>"; };
		BE52B6B11F92ECE5001A476D /* Base */ = {isa = PBXFileReference; lastKnownFileType = file.storyboard; name = Base; path = Base.lproj/Main.storyboard; sourceTree = "<group>"; };
		BE52B6B31F92ECE5001A476D /* Assets.xcassets */ = {isa = PBXFileReference; lastKnownFileType = folder.assetcatalog; path = Assets.xcassets; sourceTree = "<group>"; };
		BE52B6B61F92ECE5001A476D /* Base */ = {isa = PBXFileReference; lastKnownFileType = file.storyboard; name = Base; path = Base.lproj/LaunchScreen.storyboard; sourceTree = "<group>"; };
		BE52B6B81F92ECE5001A476D /* Info.plist */ = {isa = PBXFileReference; lastKnownFileType = text.plist.xml; path = Info.plist; sourceTree = "<group>"; };
		BE52B6BD1F92ECE5001A476D /* OsmondRCTests.xctest */ = {isa = PBXFileReference; explicitFileType = wrapper.cfbundle; includeInIndex = 0; path = OsmondRCTests.xctest; sourceTree = BUILT_PRODUCTS_DIR; };
		BE52B6C11F92ECE5001A476D /* OsmondRCTests.swift */ = {isa = PBXFileReference; lastKnownFileType = sourcecode.swift; path = OsmondRCTests.swift; sourceTree = "<group>"; };
		BE52B6C31F92ECE5001A476D /* Info.plist */ = {isa = PBXFileReference; lastKnownFileType = text.plist.xml; path = Info.plist; sourceTree = "<group>"; };
		BE52B6C81F92ECE5001A476D /* OsmondRCUITests.xctest */ = {isa = PBXFileReference; explicitFileType = wrapper.cfbundle; includeInIndex = 0; path = OsmondRCUITests.xctest; sourceTree = BUILT_PRODUCTS_DIR; };
		BE52B6CC1F92ECE5001A476D /* OsmondRCUITests.swift */ = {isa = PBXFileReference; lastKnownFileType = sourcecode.swift; path = OsmondRCUITests.swift; sourceTree = "<group>"; };
		BE52B6CE1F92ECE5001A476D /* Info.plist */ = {isa = PBXFileReference; lastKnownFileType = text.plist.xml; path = Info.plist; sourceTree = "<group>"; };
		BE52B6DA1F92ED12001A476D /* Extensions.swift */ = {isa = PBXFileReference; lastKnownFileType = sourcecode.swift; path = Extensions.swift; sourceTree = "<group>"; };
		BEABCF651F95811000B01D93 /* Stirling.swift */ = {isa = PBXFileReference; lastKnownFileType = sourcecode.swift; path = Stirling.swift; sourceTree = "<group>"; };
		D9E3EF34289FBAFF44888FEB /* Pods-OsmondRC.release.xcconfig */ = {isa = PBXFileReference; includeInIndex = 1; lastKnownFileType = text.xcconfig; name = "Pods-OsmondRC.release.xcconfig"; path = "Pods/Target Support Files/Pods-OsmondRC/Pods-OsmondRC.release.xcconfig"; sourceTree = "<group>"; };
		FC4C4866983097EDF7464FAB /* Pods-OsmondRCTests.debug.xcconfig */ = {isa = PBXFileReference; includeInIndex = 1; lastKnownFileType = text.xcconfig; name = "Pods-OsmondRCTests.debug.xcconfig"; path = "Pods/Target Support Files/Pods-OsmondRCTests/Pods-OsmondRCTests.debug.xcconfig"; sourceTree = "<group>"; };
/* End PBXFileReference section */

/* Begin PBXFrameworksBuildPhase section */
		BE52B6A61F92ECE5001A476D /* Frameworks */ = {
			isa = PBXFrameworksBuildPhase;
			buildActionMask = 2147483647;
			files = (
				F8F5A09B20CE43B7B70A13BE /* Pods_OsmondRC.framework in Frameworks */,
			);
			runOnlyForDeploymentPostprocessing = 0;
		};
		BE52B6BA1F92ECE5001A476D /* Frameworks */ = {
			isa = PBXFrameworksBuildPhase;
			buildActionMask = 2147483647;
			files = (
				B97E6E8632626907DE49400E /* Pods_OsmondRCTests.framework in Frameworks */,
			);
			runOnlyForDeploymentPostprocessing = 0;
		};
		BE52B6C51F92ECE5001A476D /* Frameworks */ = {
			isa = PBXFrameworksBuildPhase;
			buildActionMask = 2147483647;
			files = (
				5EA6FC7FBB40A40011A7FD0A /* Pods_OsmondRCUITests.framework in Frameworks */,
			);
			runOnlyForDeploymentPostprocessing = 0;
		};
/* End PBXFrameworksBuildPhase section */

/* Begin PBXGroup section */
		6771735ECDDDD0AC6EB6799C /* Pods */ = {
			isa = PBXGroup;
			children = (
				93BF08BD862B5C4F4A038AC0 /* Pods-OsmondRC.debug.xcconfig */,
				D9E3EF34289FBAFF44888FEB /* Pods-OsmondRC.release.xcconfig */,
				FC4C4866983097EDF7464FAB /* Pods-OsmondRCTests.debug.xcconfig */,
				2E15E2725E18934D646474CC /* Pods-OsmondRCTests.release.xcconfig */,
				916087DE06DEF231C032D8F7 /* Pods-OsmondRCUITests.debug.xcconfig */,
				2BFE85853656C14428694137 /* Pods-OsmondRCUITests.release.xcconfig */,
			);
			name = Pods;
			sourceTree = "<group>";
		};
		BE52B6A01F92ECE5001A476D = {
			isa = PBXGroup;
			children = (
				BE52B6AB1F92ECE5001A476D /* OsmondRC */,
				BE52B6C01F92ECE5001A476D /* OsmondRCTests */,
				BE52B6CB1F92ECE5001A476D /* OsmondRCUITests */,
				BE52B6AA1F92ECE5001A476D /* Products */,
				6771735ECDDDD0AC6EB6799C /* Pods */,
				EFEFDF4C843FB40473F953FC /* Frameworks */,
			);
			sourceTree = "<group>";
		};
		BE52B6AA1F92ECE5001A476D /* Products */ = {
			isa = PBXGroup;
			children = (
				BE52B6A91F92ECE5001A476D /* OsmondRC.app */,
				BE52B6BD1F92ECE5001A476D /* OsmondRCTests.xctest */,
				BE52B6C81F92ECE5001A476D /* OsmondRCUITests.xctest */,
			);
			name = Products;
			sourceTree = "<group>";
		};
		BE52B6AB1F92ECE5001A476D /* OsmondRC */ = {
			isa = PBXGroup;
			children = (
				BE52B6AC1F92ECE5001A476D /* AppDelegate.swift */,
				BE52B6AE1F92ECE5001A476D /* ViewController.swift */,
				BE103B5E1F959D21002DFD50 /* classViewController.swift */,
				BE52B6B01F92ECE5001A476D /* Main.storyboard */,
				BE52B6B31F92ECE5001A476D /* Assets.xcassets */,
				BE52B6B51F92ECE5001A476D /* LaunchScreen.storyboard */,
				BE52B6B81F92ECE5001A476D /* Info.plist */,
				BE52B6DA1F92ED12001A476D /* Extensions.swift */,
				BEABCF651F95811000B01D93 /* Stirling.swift */,
			);
			path = OsmondRC;
			sourceTree = "<group>";
		};
		BE52B6C01F92ECE5001A476D /* OsmondRCTests */ = {
			isa = PBXGroup;
			children = (
				BE52B6C11F92ECE5001A476D /* OsmondRCTests.swift */,
				BE52B6C31F92ECE5001A476D /* Info.plist */,
			);
			path = OsmondRCTests;
			sourceTree = "<group>";
		};
		BE52B6CB1F92ECE5001A476D /* OsmondRCUITests */ = {
			isa = PBXGroup;
			children = (
				BE52B6CC1F92ECE5001A476D /* OsmondRCUITests.swift */,
				BE52B6CE1F92ECE5001A476D /* Info.plist */,
			);
			path = OsmondRCUITests;
			sourceTree = "<group>";
		};
		EFEFDF4C843FB40473F953FC /* Frameworks */ = {
			isa = PBXGroup;
			children = (
				87DF1D58323494AADF4ED2D4 /* Pods_OsmondRC.framework */,
				0553C600B276F1BE0E5D0B11 /* Pods_OsmondRCTests.framework */,
				9192B3E330BFAD9D580FA8B8 /* Pods_OsmondRCUITests.framework */,
			);
			name = Frameworks;
			sourceTree = "<group>";
		};
/* End PBXGroup section */

/* Begin PBXNativeTarget section */
		BE52B6A81F92ECE5001A476D /* OsmondRC */ = {
			isa = PBXNativeTarget;
			buildConfigurationList = BE52B6D11F92ECE5001A476D /* Build configuration list for PBXNativeTarget "OsmondRC" */;
			buildPhases = (
				1CD819C2325F174A3033BD97 /* [CP] Check Pods Manifest.lock */,
				BE52B6A51F92ECE5001A476D /* Sources */,
				BE52B6A61F92ECE5001A476D /* Frameworks */,
				BE52B6A71F92ECE5001A476D /* Resources */,
				6F7F108A150BB2336842D321 /* [CP] Embed Pods Frameworks */,
				0B844C5AF04F7248B7FEA321 /* [CP] Copy Pods Resources */,
			);
			buildRules = (
			);
			dependencies = (
			);
			name = OsmondRC;
			productName = OsmondRC;
			productReference = BE52B6A91F92ECE5001A476D /* OsmondRC.app */;
			productType = "com.apple.product-type.application";
		};
		BE52B6BC1F92ECE5001A476D /* OsmondRCTests */ = {
			isa = PBXNativeTarget;
			buildConfigurationList = BE52B6D41F92ECE5001A476D /* Build configuration list for PBXNativeTarget "OsmondRCTests" */;
			buildPhases = (
				D983B946B5E2D9AD9E491447 /* [CP] Check Pods Manifest.lock */,
				BE52B6B91F92ECE5001A476D /* Sources */,
				BE52B6BA1F92ECE5001A476D /* Frameworks */,
				BE52B6BB1F92ECE5001A476D /* Resources */,
				9F40830763E078BABBCA7723 /* [CP] Embed Pods Frameworks */,
				8489E53D5331ABF8518FF805 /* [CP] Copy Pods Resources */,
			);
			buildRules = (
			);
			dependencies = (
				BE52B6BF1F92ECE5001A476D /* PBXTargetDependency */,
			);
			name = OsmondRCTests;
			productName = OsmondRCTests;
			productReference = BE52B6BD1F92ECE5001A476D /* OsmondRCTests.xctest */;
			productType = "com.apple.product-type.bundle.unit-test";
		};
		BE52B6C71F92ECE5001A476D /* OsmondRCUITests */ = {
			isa = PBXNativeTarget;
			buildConfigurationList = BE52B6D71F92ECE5001A476D /* Build configuration list for PBXNativeTarget "OsmondRCUITests" */;
			buildPhases = (
				434070756792D5624051B32A /* [CP] Check Pods Manifest.lock */,
				BE52B6C41F92ECE5001A476D /* Sources */,
				BE52B6C51F92ECE5001A476D /* Frameworks */,
				BE52B6C61F92ECE5001A476D /* Resources */,
				7BBF96919E93CCC86BC270EA /* [CP] Embed Pods Frameworks */,
				02EC15B280F7B7A502D8E4D7 /* [CP] Copy Pods Resources */,
			);
			buildRules = (
			);
			dependencies = (
				BE52B6CA1F92ECE5001A476D /* PBXTargetDependency */,
			);
			name = OsmondRCUITests;
			productName = OsmondRCUITests;
			productReference = BE52B6C81F92ECE5001A476D /* OsmondRCUITests.xctest */;
			productType = "com.apple.product-type.bundle.ui-testing";
		};
/* End PBXNativeTarget section */

/* Begin PBXProject section */
		BE52B6A11F92ECE5001A476D /* Project object */ = {
			isa = PBXProject;
			attributes = {
				LastSwiftUpdateCheck = 0910;
				LastUpgradeCheck = 0910;
				ORGANIZATIONNAME = "Will Bishop";
				TargetAttributes = {
					BE52B6A81F92ECE5001A476D = {
						CreatedOnToolsVersion = 9.1;
						ProvisioningStyle = Automatic;
					};
					BE52B6BC1F92ECE5001A476D = {
						CreatedOnToolsVersion = 9.1;
						ProvisioningStyle = Automatic;
						TestTargetID = BE52B6A81F92ECE5001A476D;
					};
					BE52B6C71F92ECE5001A476D = {
						CreatedOnToolsVersion = 9.1;
						ProvisioningStyle = Automatic;
						TestTargetID = BE52B6A81F92ECE5001A476D;
					};
				};
			};
			buildConfigurationList = BE52B6A41F92ECE5001A476D /* Build configuration list for PBXProject "OsmondRC" */;
			compatibilityVersion = "Xcode 8.0";
			developmentRegion = en;
			hasScannedForEncodings = 0;
			knownRegions = (
				en,
				Base,
			);
			mainGroup = BE52B6A01F92ECE5001A476D;
			productRefGroup = BE52B6AA1F92ECE5001A476D /* Products */;
			projectDirPath = "";
			projectRoot = "";
			targets = (
				BE52B6A81F92ECE5001A476D /* OsmondRC */,
				BE52B6BC1F92ECE5001A476D /* OsmondRCTests */,
				BE52B6C71F92ECE5001A476D /* OsmondRCUITests */,
			);
		};
/* End PBXProject section */

/* Begin PBXResourcesBuildPhase section */
		BE52B6A71F92ECE5001A476D /* Resources */ = {
			isa = PBXResourcesBuildPhase;
			buildActionMask = 2147483647;
			files = (
				BE52B6B71F92ECE5001A476D /* LaunchScreen.storyboard in Resources */,
				BE52B6B41F92ECE5001A476D /* Assets.xcassets in Resources */,
				BE52B6B21F92ECE5001A476D /* Main.storyboard in Resources */,
			);
			runOnlyForDeploymentPostprocessing = 0;
		};
		BE52B6BB1F92ECE5001A476D /* Resources */ = {
			isa = PBXResourcesBuildPhase;
			buildActionMask = 2147483647;
			files = (
			);
			runOnlyForDeploymentPostprocessing = 0;
		};
		BE52B6C61F92ECE5001A476D /* Resources */ = {
			isa = PBXResourcesBuildPhase;
			buildActionMask = 2147483647;
			files = (
			);
			runOnlyForDeploymentPostprocessing = 0;
		};
/* End PBXResourcesBuildPhase section */

/* Begin PBXShellScriptBuildPhase section */
		02EC15B280F7B7A502D8E4D7 /* [CP] Copy Pods Resources */ = {
			isa = PBXShellScriptBuildPhase;
			buildActionMask = 2147483647;
			files = (
			);
			inputPaths = (
			);
			name = "[CP] Copy Pods Resources";
			outputPaths = (
			);
			runOnlyForDeploymentPostprocessing = 0;
			shellPath = /bin/sh;
			shellScript = "\"${SRCROOT}/Pods/Target Support Files/Pods-OsmondRCUITests/Pods-OsmondRCUITests-resources.sh\"\n";
			showEnvVarsInLog = 0;
		};
		0B844C5AF04F7248B7FEA321 /* [CP] Copy Pods Resources */ = {
			isa = PBXShellScriptBuildPhase;
			buildActionMask = 2147483647;
			files = (
			);
			inputPaths = (
			);
			name = "[CP] Copy Pods Resources";
			outputPaths = (
			);
			runOnlyForDeploymentPostprocessing = 0;
			shellPath = /bin/sh;
			shellScript = "\"${SRCROOT}/Pods/Target Support Files/Pods-OsmondRC/Pods-OsmondRC-resources.sh\"\n";
			showEnvVarsInLog = 0;
		};
		1CD819C2325F174A3033BD97 /* [CP] Check Pods Manifest.lock */ = {
			isa = PBXShellScriptBuildPhase;
			buildActionMask = 2147483647;
			files = (
			);
			inputPaths = (
				"${PODS_PODFILE_DIR_PATH}/Podfile.lock",
				"${PODS_ROOT}/Manifest.lock",
			);
			name = "[CP] Check Pods Manifest.lock";
			outputPaths = (
				"$(DERIVED_FILE_DIR)/Pods-OsmondRC-checkManifestLockResult.txt",
			);
			runOnlyForDeploymentPostprocessing = 0;
			shellPath = /bin/sh;
			shellScript = "diff \"${PODS_PODFILE_DIR_PATH}/Podfile.lock\" \"${PODS_ROOT}/Manifest.lock\" > /dev/null\nif [ $? != 0 ] ; then\n    # print error to STDERR\n    echo \"error: The sandbox is not in sync with the Podfile.lock. Run 'pod install' or update your CocoaPods installation.\" >&2\n    exit 1\nfi\n# This output is used by Xcode 'outputs' to avoid re-running this script phase.\necho \"SUCCESS\" > \"${SCRIPT_OUTPUT_FILE_0}\"\n";
			showEnvVarsInLog = 0;
		};
		434070756792D5624051B32A /* [CP] Check Pods Manifest.lock */ = {
			isa = PBXShellScriptBuildPhase;
			buildActionMask = 2147483647;
			files = (
			);
			inputPaths = (
				"${PODS_PODFILE_DIR_PATH}/Podfile.lock",
				"${PODS_ROOT}/Manifest.lock",
			);
			name = "[CP] Check Pods Manifest.lock";
			outputPaths = (
				"$(DERIVED_FILE_DIR)/Pods-OsmondRCUITests-checkManifestLockResult.txt",
			);
			runOnlyForDeploymentPostprocessing = 0;
			shellPath = /bin/sh;
			shellScript = "diff \"${PODS_PODFILE_DIR_PATH}/Podfile.lock\" \"${PODS_ROOT}/Manifest.lock\" > /dev/null\nif [ $? != 0 ] ; then\n    # print error to STDERR\n    echo \"error: The sandbox is not in sync with the Podfile.lock. Run 'pod install' or update your CocoaPods installation.\" >&2\n    exit 1\nfi\n# This output is used by Xcode 'outputs' to avoid re-running this script phase.\necho \"SUCCESS\" > \"${SCRIPT_OUTPUT_FILE_0}\"\n";
			showEnvVarsInLog = 0;
		};
		6F7F108A150BB2336842D321 /* [CP] Embed Pods Frameworks */ = {
			isa = PBXShellScriptBuildPhase;
			buildActionMask = 2147483647;
			files = (
			);
			inputPaths = (
				"${SRCROOT}/Pods/Target Support Files/Pods-OsmondRC/Pods-OsmondRC-frameworks.sh",
				"${BUILT_PRODUCTS_DIR}/Alamofire/Alamofire.framework",
				"${BUILT_PRODUCTS_DIR}/KeychainSwift/KeychainSwift.framework",
			);
			name = "[CP] Embed Pods Frameworks";
			outputPaths = (
				"${TARGET_BUILD_DIR}/${FRAMEWORKS_FOLDER_PATH}/Alamofire.framework",
				"${TARGET_BUILD_DIR}/${FRAMEWORKS_FOLDER_PATH}/KeychainSwift.framework",
			);
			runOnlyForDeploymentPostprocessing = 0;
			shellPath = /bin/sh;
			shellScript = "\"${SRCROOT}/Pods/Target Support Files/Pods-OsmondRC/Pods-OsmondRC-frameworks.sh\"\n";
			showEnvVarsInLog = 0;
		};
		7BBF96919E93CCC86BC270EA /* [CP] Embed Pods Frameworks */ = {
			isa = PBXShellScriptBuildPhase;
			buildActionMask = 2147483647;
			files = (
			);
			inputPaths = (
			);
			name = "[CP] Embed Pods Frameworks";
			outputPaths = (
			);
			runOnlyForDeploymentPostprocessing = 0;
			shellPath = /bin/sh;
			shellScript = "\"${SRCROOT}/Pods/Target Support Files/Pods-OsmondRCUITests/Pods-OsmondRCUITests-frameworks.sh\"\n";
			showEnvVarsInLog = 0;
		};
		8489E53D5331ABF8518FF805 /* [CP] Copy Pods Resources */ = {
			isa = PBXShellScriptBuildPhase;
			buildActionMask = 2147483647;
			files = (
			);
			inputPaths = (
			);
			name = "[CP] Copy Pods Resources";
			outputPaths = (
			);
			runOnlyForDeploymentPostprocessing = 0;
			shellPath = /bin/sh;
			shellScript = "\"${SRCROOT}/Pods/Target Support Files/Pods-OsmondRCTests/Pods-OsmondRCTests-resources.sh\"\n";
			showEnvVarsInLog = 0;
		};
		9F40830763E078BABBCA7723 /* [CP] Embed Pods Frameworks */ = {
			isa = PBXShellScriptBuildPhase;
			buildActionMask = 2147483647;
			files = (
			);
			inputPaths = (
			);
			name = "[CP] Embed Pods Frameworks";
			outputPaths = (
			);
			runOnlyForDeploymentPostprocessing = 0;
			shellPath = /bin/sh;
			shellScript = "\"${SRCROOT}/Pods/Target Support Files/Pods-OsmondRCTests/Pods-OsmondRCTests-frameworks.sh\"\n";
			showEnvVarsInLog = 0;
		};
		D983B946B5E2D9AD9E491447 /* [CP] Check Pods Manifest.lock */ = {
			isa = PBXShellScriptBuildPhase;
			buildActionMask = 2147483647;
			files = (
			);
			inputPaths = (
				"${PODS_PODFILE_DIR_PATH}/Podfile.lock",
				"${PODS_ROOT}/Manifest.lock",
			);
			name = "[CP] Check Pods Manifest.lock";
			outputPaths = (
				"$(DERIVED_FILE_DIR)/Pods-OsmondRCTests-checkManifestLockResult.txt",
			);
			runOnlyForDeploymentPostprocessing = 0;
			shellPath = /bin/sh;
			shellScript = "diff \"${PODS_PODFILE_DIR_PATH}/Podfile.lock\" \"${PODS_ROOT}/Manifest.lock\" > /dev/null\nif [ $? != 0 ] ; then\n    # print error to STDERR\n    echo \"error: The sandbox is not in sync with the Podfile.lock. Run 'pod install' or update your CocoaPods installation.\" >&2\n    exit 1\nfi\n# This output is used by Xcode 'outputs' to avoid re-running this script phase.\necho \"SUCCESS\" > \"${SCRIPT_OUTPUT_FILE_0}\"\n";
			showEnvVarsInLog = 0;
		};
/* End PBXShellScriptBuildPhase section */

/* Begin PBXSourcesBuildPhase section */
		BE52B6A51F92ECE5001A476D /* Sources */ = {
			isa = PBXSourcesBuildPhase;
			buildActionMask = 2147483647;
			files = (
				BE52B6AF1F92ECE5001A476D /* ViewController.swift in Sources */,
				BEABCF661F95811000B01D93 /* Stirling.swift in Sources */,
				BE103B5F1F959D21002DFD50 /* classViewController.swift in Sources */,
				BE52B6DB1F92ED12001A476D /* Extensions.swift in Sources */,
				BE52B6AD1F92ECE5001A476D /* AppDelegate.swift in Sources */,
			);
			runOnlyForDeploymentPostprocessing = 0;
		};
		BE52B6B91F92ECE5001A476D /* Sources */ = {
			isa = PBXSourcesBuildPhase;
			buildActionMask = 2147483647;
			files = (
				BE52B6C21F92ECE5001A476D /* OsmondRCTests.swift in Sources */,
			);
			runOnlyForDeploymentPostprocessing = 0;
		};
		BE52B6C41F92ECE5001A476D /* Sources */ = {
			isa = PBXSourcesBuildPhase;
			buildActionMask = 2147483647;
			files = (
				BE52B6CD1F92ECE5001A476D /* OsmondRCUITests.swift in Sources */,
			);
			runOnlyForDeploymentPostprocessing = 0;
		};
/* End PBXSourcesBuildPhase section */

/* Begin PBXTargetDependency section */
		BE52B6BF1F92ECE5001A476D /* PBXTargetDependency */ = {
			isa = PBXTargetDependency;
			target = BE52B6A81F92ECE5001A476D /* OsmondRC */;
			targetProxy = BE52B6BE1F92ECE5001A476D /* PBXContainerItemProxy */;
		};
		BE52B6CA1F92ECE5001A476D /* PBXTargetDependency */ = {
			isa = PBXTargetDependency;
			target = BE52B6A81F92ECE5001A476D /* OsmondRC */;
			targetProxy = BE52B6C91F92ECE5001A476D /* PBXContainerItemProxy */;
		};
/* End PBXTargetDependency section */

/* Begin PBXVariantGroup section */
		BE52B6B01F92ECE5001A476D /* Main.storyboard */ = {
			isa = PBXVariantGroup;
			children = (
				BE52B6B11F92ECE5001A476D /* Base */,
			);
			name = Main.storyboard;
			sourceTree = "<group>";
		};
		BE52B6B51F92ECE5001A476D /* LaunchScreen.storyboard */ = {
			isa = PBXVariantGroup;
			children = (
				BE52B6B61F92ECE5001A476D /* Base */,
			);
			name = LaunchScreen.storyboard;
			sourceTree = "<group>";
		};
/* End PBXVariantGroup section */

/* Begin XCBuildConfiguration section */
		BE52B6CF1F92ECE5001A476D /* Debug */ = {
			isa = XCBuildConfiguration;
			buildSettings = {
				ALWAYS_SEARCH_USER_PATHS = NO;
				CLANG_ANALYZER_NONNULL = YES;
				CLANG_ANALYZER_NUMBER_OBJECT_CONVERSION = YES_AGGRESSIVE;
				CLANG_CXX_LANGUAGE_STANDARD = "gnu++14";
				CLANG_CXX_LIBRARY = "libc++";
				CLANG_ENABLE_MODULES = YES;
				CLANG_ENABLE_OBJC_ARC = YES;
				CLANG_WARN_BLOCK_CAPTURE_AUTORELEASING = YES;
				CLANG_WARN_BOOL_CONVERSION = YES;
				CLANG_WARN_COMMA = YES;
				CLANG_WARN_CONSTANT_CONVERSION = YES;
				CLANG_WARN_DIRECT_OBJC_ISA_USAGE = YES_ERROR;
				CLANG_WARN_DOCUMENTATION_COMMENTS = YES;
				CLANG_WARN_EMPTY_BODY = YES;
				CLANG_WARN_ENUM_CONVERSION = YES;
				CLANG_WARN_INFINITE_RECURSION = YES;
				CLANG_WARN_INT_CONVERSION = YES;
				CLANG_WARN_NON_LITERAL_NULL_CONVERSION = YES;
				CLANG_WARN_OBJC_LITERAL_CONVERSION = YES;
				CLANG_WARN_OBJC_ROOT_CLASS = YES_ERROR;
				CLANG_WARN_RANGE_LOOP_ANALYSIS = YES;
				CLANG_WARN_STRICT_PROTOTYPES = YES;
				CLANG_WARN_SUSPICIOUS_MOVE = YES;
				CLANG_WARN_UNGUARDED_AVAILABILITY = YES_AGGRESSIVE;
				CLANG_WARN_UNREACHABLE_CODE = YES;
				CLANG_WARN__DUPLICATE_METHOD_MATCH = YES;
				CODE_SIGN_IDENTITY = "iPhone Developer";
				COPY_PHASE_STRIP = NO;
				DEBUG_INFORMATION_FORMAT = dwarf;
				ENABLE_STRICT_OBJC_MSGSEND = YES;
				ENABLE_TESTABILITY = YES;
				GCC_C_LANGUAGE_STANDARD = gnu11;
				GCC_DYNAMIC_NO_PIC = NO;
				GCC_NO_COMMON_BLOCKS = YES;
				GCC_OPTIMIZATION_LEVEL = 0;
				GCC_PREPROCESSOR_DEFINITIONS = (
					"DEBUG=1",
					"$(inherited)",
				);
				GCC_WARN_64_TO_32_BIT_CONVERSION = YES;
				GCC_WARN_ABOUT_RETURN_TYPE = YES_ERROR;
				GCC_WARN_UNDECLARED_SELECTOR = YES;
				GCC_WARN_UNINITIALIZED_AUTOS = YES_AGGRESSIVE;
				GCC_WARN_UNUSED_FUNCTION = YES;
				GCC_WARN_UNUSED_VARIABLE = YES;
				IPHONEOS_DEPLOYMENT_TARGET = 11.1;
				MTL_ENABLE_DEBUG_INFO = YES;
				ONLY_ACTIVE_ARCH = YES;
				SDKROOT = iphoneos;
				SWIFT_ACTIVE_COMPILATION_CONDITIONS = DEBUG;
				SWIFT_OPTIMIZATION_LEVEL = "-Onone";
			};
			name = Debug;
		};
		BE52B6D01F92ECE5001A476D /* Release */ = {
			isa = XCBuildConfiguration;
			buildSettings = {
				ALWAYS_SEARCH_USER_PATHS = NO;
				CLANG_ANALYZER_NONNULL = YES;
				CLANG_ANALYZER_NUMBER_OBJECT_CONVERSION = YES_AGGRESSIVE;
				CLANG_CXX_LANGUAGE_STANDARD = "gnu++14";
				CLANG_CXX_LIBRARY = "libc++";
				CLANG_ENABLE_MODULES = YES;
				CLANG_ENABLE_OBJC_ARC = YES;
				CLANG_WARN_BLOCK_CAPTURE_AUTORELEASING = YES;
				CLANG_WARN_BOOL_CONVERSION = YES;
				CLANG_WARN_COMMA = YES;
				CLANG_WARN_CONSTANT_CONVERSION = YES;
				CLANG_WARN_DIRECT_OBJC_ISA_USAGE = YES_ERROR;
				CLANG_WARN_DOCUMENTATION_COMMENTS = YES;
				CLANG_WARN_EMPTY_BODY = YES;
				CLANG_WARN_ENUM_CONVERSION = YES;
				CLANG_WARN_INFINITE_RECURSION = YES;
				CLANG_WARN_INT_CONVERSION = YES;
				CLANG_WARN_NON_LITERAL_NULL_CONVERSION = YES;
				CLANG_WARN_OBJC_LITERAL_CONVERSION = YES;
				CLANG_WARN_OBJC_ROOT_CLASS = YES_ERROR;
				CLANG_WARN_RANGE_LOOP_ANALYSIS = YES;
				CLANG_WARN_STRICT_PROTOTYPES = YES;
				CLANG_WARN_SUSPICIOUS_MOVE = YES;
				CLANG_WARN_UNGUARDED_AVAILABILITY = YES_AGGRESSIVE;
				CLANG_WARN_UNREACHABLE_CODE = YES;
				CLANG_WARN__DUPLICATE_METHOD_MATCH = YES;
				CODE_SIGN_IDENTITY = "iPhone Developer";
				COPY_PHASE_STRIP = NO;
				DEBUG_INFORMATION_FORMAT = "dwarf-with-dsym";
				ENABLE_NS_ASSERTIONS = NO;
				ENABLE_STRICT_OBJC_MSGSEND = YES;
				GCC_C_LANGUAGE_STANDARD = gnu11;
				GCC_NO_COMMON_BLOCKS = YES;
				GCC_WARN_64_TO_32_BIT_CONVERSION = YES;
				GCC_WARN_ABOUT_RETURN_TYPE = YES_ERROR;
				GCC_WARN_UNDECLARED_SELECTOR = YES;
				GCC_WARN_UNINITIALIZED_AUTOS = YES_AGGRESSIVE;
				GCC_WARN_UNUSED_FUNCTION = YES;
				GCC_WARN_UNUSED_VARIABLE = YES;
				IPHONEOS_DEPLOYMENT_TARGET = 11.1;
				MTL_ENABLE_DEBUG_INFO = NO;
				SDKROOT = iphoneos;
				SWIFT_OPTIMIZATION_LEVEL = "-Owholemodule";
				VALIDATE_PRODUCT = YES;
			};
			name = Release;
		};
		BE52B6D21F92ECE5001A476D /* Debug */ = {
			isa = XCBuildConfiguration;
			baseConfigurationReference = 93BF08BD862B5C4F4A038AC0 /* Pods-OsmondRC.debug.xcconfig */;
			buildSettings = {
				ASSETCATALOG_COMPILER_APPICON_NAME = AppIcon;
				CODE_SIGN_STYLE = Automatic;
				DEVELOPMENT_TEAM = J6K4D5R5JQ;
				INFOPLIST_FILE = OsmondRC/Info.plist;
				IPHONEOS_DEPLOYMENT_TARGET = 11.0;
				LD_RUNPATH_SEARCH_PATHS = "$(inherited) @executable_path/Frameworks";
				PRODUCT_BUNDLE_IDENTIFIER = com.willbishop.OsmondRC;
				PRODUCT_NAME = "$(TARGET_NAME)";
				SWIFT_VERSION = 4.0;
				TARGETED_DEVICE_FAMILY = "1,2";
			};
			name = Debug;
		};
		BE52B6D31F92ECE5001A476D /* Release */ = {
			isa = XCBuildConfiguration;
			baseConfigurationReference = D9E3EF34289FBAFF44888FEB /* Pods-OsmondRC.release.xcconfig */;
			buildSettings = {
				ASSETCATALOG_COMPILER_APPICON_NAME = AppIcon;
				CODE_SIGN_STYLE = Automatic;
				DEVELOPMENT_TEAM = J6K4D5R5JQ;
				INFOPLIST_FILE = OsmondRC/Info.plist;
				IPHONEOS_DEPLOYMENT_TARGET = 11.0;
				LD_RUNPATH_SEARCH_PATHS = "$(inherited) @executable_path/Frameworks";
				PRODUCT_BUNDLE_IDENTIFIER = com.willbishop.OsmondRC;
				PRODUCT_NAME = "$(TARGET_NAME)";
				SWIFT_VERSION = 4.0;
				TARGETED_DEVICE_FAMILY = "1,2";
			};
			name = Release;
		};
		BE52B6D51F92ECE5001A476D /* Debug */ = {
			isa = XCBuildConfiguration;
			baseConfigurationReference = FC4C4866983097EDF7464FAB /* Pods-OsmondRCTests.debug.xcconfig */;
			buildSettings = {
				ALWAYS_EMBED_SWIFT_STANDARD_LIBRARIES = YES;
				BUNDLE_LOADER = "$(TEST_HOST)";
				CODE_SIGN_STYLE = Automatic;
				DEVELOPMENT_TEAM = J6K4D5R5JQ;
				INFOPLIST_FILE = OsmondRCTests/Info.plist;
				IPHONEOS_DEPLOYMENT_TARGET = 11.0;
				LD_RUNPATH_SEARCH_PATHS = "$(inherited) @executable_path/Frameworks @loader_path/Frameworks";
				PRODUCT_BUNDLE_IDENTIFIER = com.willbishop.OsmondRCTests;
				PRODUCT_NAME = "$(TARGET_NAME)";
				SWIFT_VERSION = 4.0;
				TARGETED_DEVICE_FAMILY = "1,2";
				TEST_HOST = "$(BUILT_PRODUCTS_DIR)/OsmondRC.app/OsmondRC";
			};
			name = Debug;
		};
		BE52B6D61F92ECE5001A476D /* Release */ = {
			isa = XCBuildConfiguration;
			baseConfigurationReference = 2E15E2725E18934D646474CC /* Pods-OsmondRCTests.release.xcconfig */;
			buildSettings = {
				ALWAYS_EMBED_SWIFT_STANDARD_LIBRARIES = YES;
				BUNDLE_LOADER = "$(TEST_HOST)";
				CODE_SIGN_STYLE = Automatic;
				DEVELOPMENT_TEAM = J6K4D5R5JQ;
				INFOPLIST_FILE = OsmondRCTests/Info.plist;
				IPHONEOS_DEPLOYMENT_TARGET = 11.0;
				LD_RUNPATH_SEARCH_PATHS = "$(inherited) @executable_path/Frameworks @loader_path/Frameworks";
				PRODUCT_BUNDLE_IDENTIFIER = com.willbishop.OsmondRCTests;
				PRODUCT_NAME = "$(TARGET_NAME)";
				SWIFT_VERSION = 4.0;
				TARGETED_DEVICE_FAMILY = "1,2";
				TEST_HOST = "$(BUILT_PRODUCTS_DIR)/OsmondRC.app/OsmondRC";
			};
			name = Release;
		};
		BE52B6D81F92ECE5001A476D /* Debug */ = {
			isa = XCBuildConfiguration;
			baseConfigurationReference = 916087DE06DEF231C032D8F7 /* Pods-OsmondRCUITests.debug.xcconfig */;
			buildSettings = {
				ALWAYS_EMBED_SWIFT_STANDARD_LIBRARIES = YES;
				CODE_SIGN_STYLE = Automatic;
				DEVELOPMENT_TEAM = J6K4D5R5JQ;
				INFOPLIST_FILE = OsmondRCUITests/Info.plist;
				IPHONEOS_DEPLOYMENT_TARGET = 11.0;
				LD_RUNPATH_SEARCH_PATHS = "$(inherited) @executable_path/Frameworks @loader_path/Frameworks";
				PRODUCT_BUNDLE_IDENTIFIER = com.willbishop.OsmondRCUITests;
				PRODUCT_NAME = "$(TARGET_NAME)";
				SWIFT_VERSION = 4.0;
				TARGETED_DEVICE_FAMILY = "1,2";
				TEST_TARGET_NAME = OsmondRC;
			};
			name = Debug;
		};
		BE52B6D91F92ECE5001A476D /* Release */ = {
			isa = XCBuildConfiguration;
			baseConfigurationReference = 2BFE85853656C14428694137 /* Pods-OsmondRCUITests.release.xcconfig */;
			buildSettings = {
				ALWAYS_EMBED_SWIFT_STANDARD_LIBRARIES = YES;
				CODE_SIGN_STYLE = Automatic;
				DEVELOPMENT_TEAM = J6K4D5R5JQ;
				INFOPLIST_FILE = OsmondRCUITests/Info.plist;
				IPHONEOS_DEPLOYMENT_TARGET = 11.0;
				LD_RUNPATH_SEARCH_PATHS = "$(inherited) @executable_path/Frameworks @loader_path/Frameworks";
				PRODUCT_BUNDLE_IDENTIFIER = com.willbishop.OsmondRCUITests;
				PRODUCT_NAME = "$(TARGET_NAME)";
				SWIFT_VERSION = 4.0;
				TARGETED_DEVICE_FAMILY = "1,2";
				TEST_TARGET_NAME = OsmondRC;
			};
			name = Release;
		};
/* End XCBuildConfiguration section */

/* Begin XCConfigurationList section */
		BE52B6A41F92ECE5001A476D /* Build configuration list for PBXProject "OsmondRC" */ = {
			isa = XCConfigurationList;
			buildConfigurations = (
				BE52B6CF1F92ECE5001A476D /* Debug */,
				BE52B6D01F92ECE5001A476D /* Release */,
			);
			defaultConfigurationIsVisible = 0;
			defaultConfigurationName = Release;
		};
		BE52B6D11F92ECE5001A476D /* Build configuration list for PBXNativeTarget "OsmondRC" */ = {
			isa = XCConfigurationList;
			buildConfigurations = (
				BE52B6D21F92ECE5001A476D /* Debug */,
				BE52B6D31F92ECE5001A476D /* Release */,
			);
			defaultConfigurationIsVisible = 0;
			defaultConfigurationName = Release;
		};
		BE52B6D41F92ECE5001A476D /* Build configuration list for PBXNativeTarget "OsmondRCTests" */ = {
			isa = XCConfigurationList;
			buildConfigurations = (
				BE52B6D51F92ECE5001A476D /* Debug */,
				BE52B6D61F92ECE5001A476D /* Release */,
			);
			defaultConfigurationIsVisible = 0;
			defaultConfigurationName = Release;
		};
		BE52B6D71F92ECE5001A476D /* Build configuration list for PBXNativeTarget "OsmondRCUITests" */ = {
			isa = XCConfigurationList;
			buildConfigurations = (
				BE52B6D81F92ECE5001A476D /* Debug */,
				BE52B6D91F92ECE5001A476D /* Release */,
			);
			defaultConfigurationIsVisible = 0;
			defaultConfigurationName = Release;
		};
/* End XCConfigurationList section */
	};
	rootObject = BE52B6A11F92ECE5001A476D /* Project object */;
}
